// !$*UTF8*$!
{
	archiveVersion = 1;
	classes = {
	};
	objectVersion = 46;
	objects = {

/* Begin PBXBuildFile section */
		2201572916E034CF00918611 /* UIKit.framework in Frameworks */ = {isa = PBXBuildFile; fileRef = 2201572816E034CF00918611 /* UIKit.framework */; };
		2201572B16E034CF00918611 /* Foundation.framework in Frameworks */ = {isa = PBXBuildFile; fileRef = 2201572A16E034CF00918611 /* Foundation.framework */; };
		2201572D16E034CF00918611 /* CoreGraphics.framework in Frameworks */ = {isa = PBXBuildFile; fileRef = 2201572C16E034CF00918611 /* CoreGraphics.framework */; };
		2201573316E034CF00918611 /* InfoPlist.strings in Resources */ = {isa = PBXBuildFile; fileRef = 2201573116E034CF00918611 /* InfoPlist.strings */; };
		2201573516E034CF00918611 /* main.m in Sources */ = {isa = PBXBuildFile; fileRef = 2201573416E034CF00918611 /* main.m */; };
		2201573916E034CF00918611 /* RGSAppDelegate.m in Sources */ = {isa = PBXBuildFile; fileRef = 2201573816E034CF00918611 /* RGSAppDelegate.m */; };
		2201573B16E034CF00918611 /* Default.png in Resources */ = {isa = PBXBuildFile; fileRef = 2201573A16E034CF00918611 /* Default.png */; };
		2201575816E0354900918611 /* back-arrow.png in Resources */ = {isa = PBXBuildFile; fileRef = 2201575316E0354900918611 /* back-arrow.png */; };
		2201575916E0354900918611 /* back-arrow@2x.png in Resources */ = {isa = PBXBuildFile; fileRef = 2201575416E0354900918611 /* back-arrow@2x.png */; };
		2201575A16E0354A00918611 /* Default-568h@2x.png in Resources */ = {isa = PBXBuildFile; fileRef = 2201575516E0354900918611 /* Default-568h@2x.png */; };
		2201575F16E036C200918611 /* SideMenuViewController.m in Sources */ = {isa = PBXBuildFile; fileRef = 2201575D16E036C200918611 /* SideMenuViewController.m */; };
		2222AAD31762AC7D0008884B /* RGSVideoViewControllerManger.m in Sources */ = {isa = PBXBuildFile; fileRef = 2222AAD21762AC7C0008884B /* RGSVideoViewControllerManger.m */; };
		2222E535172A746A00347D06 /* square_bg@2X.png in Resources */ = {isa = PBXBuildFile; fileRef = 2222E533172A746A00347D06 /* square_bg@2X.png */; };
		2222E536172A746A00347D06 /* square_bg.png in Resources */ = {isa = PBXBuildFile; fileRef = 2222E534172A746A00347D06 /* square_bg.png */; };
		2222E539172A759D00347D06 /* billie_holiday@2X.png in Resources */ = {isa = PBXBuildFile; fileRef = 2222E537172A759C00347D06 /* billie_holiday@2X.png */; };
		2222E53A172A759D00347D06 /* billie_holiday.png in Resources */ = {isa = PBXBuildFile; fileRef = 2222E538172A759D00347D06 /* billie_holiday.png */; };
		2222E53D172A761B00347D06 /* wide_rectangles@2X.png in Resources */ = {isa = PBXBuildFile; fileRef = 2222E53B172A761A00347D06 /* wide_rectangles@2X.png */; };
		2222E53E172A761B00347D06 /* wide_rectangles.png in Resources */ = {isa = PBXBuildFile; fileRef = 2222E53C172A761B00347D06 /* wide_rectangles.png */; };
		2222E541172A769C00347D06 /* shattered@2X.png in Resources */ = {isa = PBXBuildFile; fileRef = 2222E53F172A769B00347D06 /* shattered@2X.png */; };
		2222E542172A769C00347D06 /* shattered.png in Resources */ = {isa = PBXBuildFile; fileRef = 2222E540172A769B00347D06 /* shattered.png */; };
		2222E545172A76AA00347D06 /* diagonal-noise@2X.png in Resources */ = {isa = PBXBuildFile; fileRef = 2222E543172A76A900347D06 /* diagonal-noise@2X.png */; };
		2222E546172A76AA00347D06 /* diagonal-noise.png in Resources */ = {isa = PBXBuildFile; fileRef = 2222E544172A76A900347D06 /* diagonal-noise.png */; };
		2222E5591730A4DC00347D06 /* ConfigManager.m in Sources */ = {isa = PBXBuildFile; fileRef = 2222E5581730A4DC00347D06 /* ConfigManager.m */; };
		2222E55C1730B08200347D06 /* MBProgressHUD.m in Sources */ = {isa = PBXBuildFile; fileRef = 2222E55B1730B08200347D06 /* MBProgressHUD.m */; };
		2222E5601730C92700347D06 /* JVO-logo.png in Resources */ = {isa = PBXBuildFile; fileRef = 2222E55F1730C92600347D06 /* JVO-logo.png */; };
		222FCF0A16FE438A006A93C7 /* PhotoDetailViewController.m in Sources */ = {isa = PBXBuildFile; fileRef = 222FCF0816FE4389006A93C7 /* PhotoDetailViewController.m */; };
		222FCF0B16FE438A006A93C7 /* PhotoDetailViewController.xib in Resources */ = {isa = PBXBuildFile; fileRef = 222FCF0916FE4389006A93C7 /* PhotoDetailViewController.xib */; };
		222FCF151704239A006A93C7 /* Vdeo.m in Sources */ = {isa = PBXBuildFile; fileRef = 222FCF1417042398006A93C7 /* Vdeo.m */; };
		222FCF2C17042C35006A93C7 /* CoreData.framework in Frameworks */ = {isa = PBXBuildFile; fileRef = 222FCF2B17042C34006A93C7 /* CoreData.framework */; };
		222FCF2E17042DDA006A93C7 /* libxml2.dylib in Frameworks */ = {isa = PBXBuildFile; fileRef = 222FCF2D17042DD9006A93C7 /* libxml2.dylib */; };
		2230FBEF1758AD0900C0F938 /* email_001.jpg in Resources */ = {isa = PBXBuildFile; fileRef = 2230FBEB1758AD0900C0F938 /* email_001.jpg */; };
		2230FBF01758AD0900C0F938 /* facebook_001.jpg in Resources */ = {isa = PBXBuildFile; fileRef = 2230FBEC1758AD0900C0F938 /* facebook_001.jpg */; };
		2230FBF11758AD0900C0F938 /* Twitter_001.jpg in Resources */ = {isa = PBXBuildFile; fileRef = 2230FBED1758AD0900C0F938 /* Twitter_001.jpg */; };
		2230FBF21758AD0900C0F938 /* YouTube_001.jpg in Resources */ = {isa = PBXBuildFile; fileRef = 2230FBEE1758AD0900C0F938 /* YouTube_001.jpg */; };
		2230FC3B17595EFA00C0F938 /* navigationBar_background.png in Resources */ = {isa = PBXBuildFile; fileRef = 2230FC3A17595EFA00C0F938 /* navigationBar_background.png */; };
		2230FC3D1759609800C0F938 /* button.png in Resources */ = {isa = PBXBuildFile; fileRef = 2230FC3C1759609800C0F938 /* button.png */; };
		2231D878174F19F4001CE97B /* libRestKit.a in Frameworks */ = {isa = PBXBuildFile; fileRef = 2231D86F174F19E2001CE97B /* libRestKit.a */; };
		2231D87D1750ADCF001CE97B /* MFSideMenuContainerViewController.m in Sources */ = {isa = PBXBuildFile; fileRef = 2231D87C1750ADCF001CE97B /* MFSideMenuContainerViewController.m */; };
		2231D8B41754160D001CE97B /* MenuBarButtons.m in Sources */ = {isa = PBXBuildFile; fileRef = 2231D8B31754160D001CE97B /* MenuBarButtons.m */; };
		2231D8C51754B8CE001CE97B /* AboutMe.png in Resources */ = {isa = PBXBuildFile; fileRef = 2231D8C41754B8CD001CE97B /* AboutMe.png */; };
		2231D8CB1755B081001CE97B /* GalleryViewController.m in Sources */ = {isa = PBXBuildFile; fileRef = 2231D8CA1755B07B001CE97B /* GalleryViewController.m */; };
		2235CA9D173F89E3008C7282 /* PintCollectionViewLayout.m in Sources */ = {isa = PBXBuildFile; fileRef = 2235CA94173F89E3008C7282 /* PintCollectionViewLayout.m */; };
		2237B6591741F9A600BBB09F /* ImageSize.m in Sources */ = {isa = PBXBuildFile; fileRef = 2237B6581741F9A600BBB09F /* ImageSize.m */; };
		22702DD9172A37B7009EDE31 /* sidebarCell.xib in Resources */ = {isa = PBXBuildFile; fileRef = 22702DD8172A37B7009EDE31 /* sidebarCell.xib */; };
		22704E621734E903009B5708 /* MessageUI.framework in Frameworks */ = {isa = PBXBuildFile; fileRef = 22704E611734E903009B5708 /* MessageUI.framework */; };
		22704E731738310F009B5708 /* aboutMeViewController.m in Sources */ = {isa = PBXBuildFile; fileRef = 22704E721738310E009B5708 /* aboutMeViewController.m */; };
		22704E7517383EEF009B5708 /* Business Cards Front.jpg in Resources */ = {isa = PBXBuildFile; fileRef = 22704E7417383EEF009B5708 /* Business Cards Front.jpg */; };
		228B9C3716F09B3B002E2884 /* aboutMeViewController.xib in Resources */ = {isa = PBXBuildFile; fileRef = 228B9C3616F09B3B002E2884 /* aboutMeViewController.xib */; };
		228B9C4216FA4B4F002E2884 /* AudioToolbox.framework in Frameworks */ = {isa = PBXBuildFile; fileRef = 228B9C4116FA4B4F002E2884 /* AudioToolbox.framework */; };
		228B9C4416FA4B6B002E2884 /* CFNetwork.framework in Frameworks */ = {isa = PBXBuildFile; fileRef = 228B9C4316FA4B6B002E2884 /* CFNetwork.framework */; };
		228B9C4A16FA4BB6002E2884 /* CoreLocation.framework in Frameworks */ = {isa = PBXBuildFile; fileRef = 228B9C4516FA4BB5002E2884 /* CoreLocation.framework */; };
		228B9C4B16FA4BB6002E2884 /* libz.1.1.3.dylib in Frameworks */ = {isa = PBXBuildFile; fileRef = 228B9C4616FA4BB5002E2884 /* libz.1.1.3.dylib */; };
		228B9C4C16FA4BB6002E2884 /* MobileCoreServices.framework in Frameworks */ = {isa = PBXBuildFile; fileRef = 228B9C4716FA4BB6002E2884 /* MobileCoreServices.framework */; };
		228B9C4D16FA4BB6002E2884 /* QuartzCore.framework in Frameworks */ = {isa = PBXBuildFile; fileRef = 228B9C4816FA4BB6002E2884 /* QuartzCore.framework */; };
		228B9C4E16FA4BB6002E2884 /* StoreKit.framework in Frameworks */ = {isa = PBXBuildFile; fileRef = 228B9C4916FA4BB6002E2884 /* StoreKit.framework */; };
		228B9C5216FA51CE002E2884 /* AdSupport.framework in Frameworks */ = {isa = PBXBuildFile; fileRef = 228B9C5116FA51CE002E2884 /* AdSupport.framework */; };
		228B9C5416FA5209002E2884 /* Social.framework in Frameworks */ = {isa = PBXBuildFile; fileRef = 228B9C5316FA5209002E2884 /* Social.framework */; };
		228B9C5616FA522C002E2884 /* Accounts.framework in Frameworks */ = {isa = PBXBuildFile; fileRef = 228B9C5516FA522C002E2884 /* Accounts.framework */; };
		2290017B179E615900DA8CF8 /* XCDYouTubeVideoPlayerViewController.m in Sources */ = {isa = PBXBuildFile; fileRef = 2290017A179E615900DA8CF8 /* XCDYouTubeVideoPlayerViewController.m */; };
		2290017D179E628000DA8CF8 /* MediaPlayer.framework in Frameworks */ = {isa = PBXBuildFile; fileRef = 2290017C179E628000DA8CF8 /* MediaPlayer.framework */; };
		2290017F179E628600DA8CF8 /* AVFoundation.framework in Frameworks */ = {isa = PBXBuildFile; fileRef = 2290017E179E628600DA8CF8 /* AVFoundation.framework */; };
		2292F846177D1F8F009906B4 /* sidebarCell.m in Sources */ = {isa = PBXBuildFile; fileRef = 2292F845177D1F8F009906B4 /* sidebarCell.m */; };
		2292F84A177D2071009906B4 /* STViewController.m in Sources */ = {isa = PBXBuildFile; fileRef = 2292F848177D2071009906B4 /* STViewController.m */; };
		2292F84B177D2071009906B4 /* STViewController.xib in Resources */ = {isa = PBXBuildFile; fileRef = 2292F849177D2071009906B4 /* STViewController.xib */; };
		2292F84F177D20C4009906B4 /* ContactViewController.m in Sources */ = {isa = PBXBuildFile; fileRef = 2292F84D177D20C4009906B4 /* ContactViewController.m */; };
		2292F850177D20C4009906B4 /* ContactViewController.xib in Resources */ = {isa = PBXBuildFile; fileRef = 2292F84E177D20C4009906B4 /* ContactViewController.xib */; };
		2292F852177D22E5009906B4 /* Parse.framework in Frameworks */ = {isa = PBXBuildFile; fileRef = 2292F851177D22E5009906B4 /* Parse.framework */; };
		22A7F058178B0D6A00FEF19B /* RGSGalleryViewControllerManger.m in Sources */ = {isa = PBXBuildFile; fileRef = 22A7F057178B0D6A00FEF19B /* RGSGalleryViewControllerManger.m */; };
		22A7F0D91793BD8F00FEF19B /* portfolioCoreData.xcdatamodeld in Sources */ = {isa = PBXBuildFile; fileRef = 22A7F0D71793BD8E00FEF19B /* portfolioCoreData.xcdatamodeld */; };
		22A90392175B54D800362022 /* InfoViewController.m in Sources */ = {isa = PBXBuildFile; fileRef = 22A90390175B54D600362022 /* InfoViewController.m */; };
		22A90393175B54D800362022 /* InfoViewController.xib in Resources */ = {isa = PBXBuildFile; fileRef = 22A90391175B54D700362022 /* InfoViewController.xib */; };
		22A90398175B56EA00362022 /* red_background.png in Resources */ = {isa = PBXBuildFile; fileRef = 22A90397175B56EA00362022 /* red_background.png */; };
		22A903A2175C518C00362022 /* menuIcon.png in Resources */ = {isa = PBXBuildFile; fileRef = 22A903A1175C518B00362022 /* menuIcon.png */; };
		22A903A4175C5E4600362022 /* backArrow.png in Resources */ = {isa = PBXBuildFile; fileRef = 22A903A3175C5E4500362022 /* backArrow.png */; };
		22C34C17175AAB16002A5E36 /* Default-568h@2x.png in Resources */ = {isa = PBXBuildFile; fileRef = 22C34C15175AAB16002A5E36 /* Default-568h@2x.png */; };
		22C34C18175AAB16002A5E36 /* Default@2x.png in Resources */ = {isa = PBXBuildFile; fileRef = 22C34C16175AAB16002A5E36 /* Default@2x.png */; };
		22D676BF17260C7400E3858D /* SDSegmentedControl.m in Sources */ = {isa = PBXBuildFile; fileRef = 22D676BE17260C7400E3858D /* SDSegmentedControl.m */; };
		22D676C517260CEF00E3858D /* RGSVideoCell.m in Sources */ = {isa = PBXBuildFile; fileRef = 22D676C417260CEF00E3858D /* RGSVideoCell.m */; };
		22D676CB17262F3200E3858D /* photo3.jpg in Resources */ = {isa = PBXBuildFile; fileRef = 22D676C917262F3200E3858D /* photo3.jpg */; };
		22D676CC17262F3200E3858D /* playButton.png in Resources */ = {isa = PBXBuildFile; fileRef = 22D676CA17262F3200E3858D /* playButton.png */; };
		22D676D31727C5A900E3858D /* AsyncImageView.m in Sources */ = {isa = PBXBuildFile; fileRef = 22D676D21727C5A900E3858D /* AsyncImageView.m */; };
		22FA6D0817683087002895F9 /* RGSVideoViewController.m in Sources */ = {isa = PBXBuildFile; fileRef = 22FA6D0717683087002895F9 /* RGSVideoViewController.m */; };
		22FD041516E72E5800DC4014 /* Security.framework in Frameworks */ = {isa = PBXBuildFile; fileRef = 22FD041416E72E5700DC4014 /* Security.framework */; };
		22FD041716E72E6000DC4014 /* SystemConfiguration.framework in Frameworks */ = {isa = PBXBuildFile; fileRef = 22FD041616E72E6000DC4014 /* SystemConfiguration.framework */; };
/* End PBXBuildFile section */

/* Begin PBXContainerItemProxy section */
		2231D86E174F19E2001CE97B /* PBXContainerItemProxy */ = {
			isa = PBXContainerItemProxy;
			containerPortal = 2231D867174F19E1001CE97B /* RestKit.xcodeproj */;
			proxyType = 2;
			remoteGlobalIDString = 25160D1614564E810060A5C5;
			remoteInfo = RestKit;
		};
		2231D870174F19E2001CE97B /* PBXContainerItemProxy */ = {
			isa = PBXContainerItemProxy;
			containerPortal = 2231D867174F19E1001CE97B /* RestKit.xcodeproj */;
			proxyType = 2;
			remoteGlobalIDString = 25160D2614564E820060A5C5;
			remoteInfo = RestKitTests;
		};
		2231D872174F19E2001CE97B /* PBXContainerItemProxy */ = {
			isa = PBXContainerItemProxy;
			containerPortal = 2231D867174F19E1001CE97B /* RestKit.xcodeproj */;
			proxyType = 2;
			remoteGlobalIDString = 25160E62145651060060A5C5;
			remoteInfo = RestKitFramework;
		};
		2231D874174F19E2001CE97B /* PBXContainerItemProxy */ = {
			isa = PBXContainerItemProxy;
			containerPortal = 2231D867174F19E1001CE97B /* RestKit.xcodeproj */;
			proxyType = 2;
			remoteGlobalIDString = 25160E78145651060060A5C5;
			remoteInfo = RestKitFrameworkTests;
		};
		2231D876174F19ED001CE97B /* PBXContainerItemProxy */ = {
			isa = PBXContainerItemProxy;
			containerPortal = 2231D867174F19E1001CE97B /* RestKit.xcodeproj */;
			proxyType = 1;
			remoteGlobalIDString = 25160D1514564E810060A5C5;
			remoteInfo = RestKit;
		};
/* End PBXContainerItemProxy section */

/* Begin PBXFileReference section */
		2201572516E034CF00918611 /* Portfolio.app */ = {isa = PBXFileReference; explicitFileType = wrapper.application; includeInIndex = 0; path = Portfolio.app; sourceTree = BUILT_PRODUCTS_DIR; };
		2201572816E034CF00918611 /* UIKit.framework */ = {isa = PBXFileReference; lastKnownFileType = wrapper.framework; name = UIKit.framework; path = System/Library/Frameworks/UIKit.framework; sourceTree = SDKROOT; };
		2201572A16E034CF00918611 /* Foundation.framework */ = {isa = PBXFileReference; lastKnownFileType = wrapper.framework; name = Foundation.framework; path = System/Library/Frameworks/Foundation.framework; sourceTree = SDKROOT; };
		2201572C16E034CF00918611 /* CoreGraphics.framework */ = {isa = PBXFileReference; lastKnownFileType = wrapper.framework; name = CoreGraphics.framework; path = System/Library/Frameworks/CoreGraphics.framework; sourceTree = SDKROOT; };
		2201573016E034CF00918611 /* Portfolio-Info.plist */ = {isa = PBXFileReference; lastKnownFileType = text.plist.xml; path = "Portfolio-Info.plist"; sourceTree = "<group>"; };
		2201573216E034CF00918611 /* en */ = {isa = PBXFileReference; lastKnownFileType = text.plist.strings; name = en; path = en.lproj/InfoPlist.strings; sourceTree = "<group>"; };
		2201573416E034CF00918611 /* main.m */ = {isa = PBXFileReference; lastKnownFileType = sourcecode.c.objc; path = main.m; sourceTree = "<group>"; };
		2201573616E034CF00918611 /* Portfolio-Prefix.pch */ = {isa = PBXFileReference; lastKnownFileType = sourcecode.c.h; path = "Portfolio-Prefix.pch"; sourceTree = "<group>"; };
		2201573716E034CF00918611 /* RGSAppDelegate.h */ = {isa = PBXFileReference; lastKnownFileType = sourcecode.c.h; path = RGSAppDelegate.h; sourceTree = "<group>"; };
		2201573816E034CF00918611 /* RGSAppDelegate.m */ = {isa = PBXFileReference; lastKnownFileType = sourcecode.c.objc; path = RGSAppDelegate.m; sourceTree = "<group>"; };
		2201573A16E034CF00918611 /* Default.png */ = {isa = PBXFileReference; lastKnownFileType = image.png; path = Default.png; sourceTree = "<group>"; };
		2201575316E0354900918611 /* back-arrow.png */ = {isa = PBXFileReference; lastKnownFileType = image.png; path = "back-arrow.png"; sourceTree = "<group>"; };
		2201575416E0354900918611 /* back-arrow@2x.png */ = {isa = PBXFileReference; lastKnownFileType = image.png; path = "back-arrow@2x.png"; sourceTree = "<group>"; };
		2201575516E0354900918611 /* Default-568h@2x.png */ = {isa = PBXFileReference; lastKnownFileType = image.png; path = "Default-568h@2x.png"; sourceTree = "<group>"; };
		2201575D16E036C200918611 /* SideMenuViewController.m */ = {isa = PBXFileReference; fileEncoding = 4; lastKnownFileType = sourcecode.c.objc; path = SideMenuViewController.m; sourceTree = "<group>"; };
		2201575E16E036C200918611 /* SideMenuViewController.h */ = {isa = PBXFileReference; fileEncoding = 4; lastKnownFileType = sourcecode.c.h; path = SideMenuViewController.h; sourceTree = "<group>"; };
		2222AAD11762AC7C0008884B /* RGSVideoViewControllerManger.h */ = {isa = PBXFileReference; fileEncoding = 4; lastKnownFileType = sourcecode.c.h; path = RGSVideoViewControllerManger.h; sourceTree = "<group>"; };
		2222AAD21762AC7C0008884B /* RGSVideoViewControllerManger.m */ = {isa = PBXFileReference; fileEncoding = 4; lastKnownFileType = sourcecode.c.objc; path = RGSVideoViewControllerManger.m; sourceTree = "<group>"; };
		2222E533172A746A00347D06 /* square_bg@2X.png */ = {isa = PBXFileReference; lastKnownFileType = image.png; path = "square_bg@2X.png"; sourceTree = "<group>"; };
		2222E534172A746A00347D06 /* square_bg.png */ = {isa = PBXFileReference; lastKnownFileType = image.png; path = square_bg.png; sourceTree = "<group>"; };
		2222E537172A759C00347D06 /* billie_holiday@2X.png */ = {isa = PBXFileReference; lastKnownFileType = image.png; path = "billie_holiday@2X.png"; sourceTree = "<group>"; };
		2222E538172A759D00347D06 /* billie_holiday.png */ = {isa = PBXFileReference; lastKnownFileType = image.png; path = billie_holiday.png; sourceTree = "<group>"; };
		2222E53B172A761A00347D06 /* wide_rectangles@2X.png */ = {isa = PBXFileReference; lastKnownFileType = image.png; path = "wide_rectangles@2X.png"; sourceTree = "<group>"; };
		2222E53C172A761B00347D06 /* wide_rectangles.png */ = {isa = PBXFileReference; lastKnownFileType = image.png; path = wide_rectangles.png; sourceTree = "<group>"; };
		2222E53F172A769B00347D06 /* shattered@2X.png */ = {isa = PBXFileReference; lastKnownFileType = image.png; path = "shattered@2X.png"; sourceTree = "<group>"; };
		2222E540172A769B00347D06 /* shattered.png */ = {isa = PBXFileReference; lastKnownFileType = image.png; path = shattered.png; sourceTree = "<group>"; };
		2222E543172A76A900347D06 /* diagonal-noise@2X.png */ = {isa = PBXFileReference; lastKnownFileType = image.png; path = "diagonal-noise@2X.png"; sourceTree = "<group>"; };
		2222E544172A76A900347D06 /* diagonal-noise.png */ = {isa = PBXFileReference; lastKnownFileType = image.png; path = "diagonal-noise.png"; sourceTree = "<group>"; };
		2222E5571730A4DC00347D06 /* ConfigManager.h */ = {isa = PBXFileReference; fileEncoding = 4; lastKnownFileType = sourcecode.c.h; path = ConfigManager.h; sourceTree = "<group>"; };
		2222E5581730A4DC00347D06 /* ConfigManager.m */ = {isa = PBXFileReference; fileEncoding = 4; lastKnownFileType = sourcecode.c.objc; path = ConfigManager.m; sourceTree = "<group>"; };
		2222E55A1730B08200347D06 /* MBProgressHUD.h */ = {isa = PBXFileReference; fileEncoding = 4; lastKnownFileType = sourcecode.c.h; path = MBProgressHUD.h; sourceTree = "<group>"; };
		2222E55B1730B08200347D06 /* MBProgressHUD.m */ = {isa = PBXFileReference; fileEncoding = 4; lastKnownFileType = sourcecode.c.objc; path = MBProgressHUD.m; sourceTree = "<group>"; };
		2222E55F1730C92600347D06 /* JVO-logo.png */ = {isa = PBXFileReference; lastKnownFileType = image.png; path = "JVO-logo.png"; sourceTree = "<group>"; };
		222FCF0716FE4389006A93C7 /* PhotoDetailViewController.h */ = {isa = PBXFileReference; fileEncoding = 4; lastKnownFileType = sourcecode.c.h; path = PhotoDetailViewController.h; sourceTree = "<group>"; };
		222FCF0816FE4389006A93C7 /* PhotoDetailViewController.m */ = {isa = PBXFileReference; fileEncoding = 4; lastKnownFileType = sourcecode.c.objc; path = PhotoDetailViewController.m; sourceTree = "<group>"; };
		222FCF0916FE4389006A93C7 /* PhotoDetailViewController.xib */ = {isa = PBXFileReference; fileEncoding = 4; lastKnownFileType = file.xib; path = PhotoDetailViewController.xib; sourceTree = "<group>"; };
		222FCF1317042396006A93C7 /* Video.h */ = {isa = PBXFileReference; fileEncoding = 4; lastKnownFileType = sourcecode.c.h; path = Video.h; sourceTree = "<group>"; };
		222FCF1417042398006A93C7 /* Vdeo.m */ = {isa = PBXFileReference; fileEncoding = 4; lastKnownFileType = sourcecode.c.objc; path = Vdeo.m; sourceTree = "<group>"; };
		222FCF2B17042C34006A93C7 /* CoreData.framework */ = {isa = PBXFileReference; lastKnownFileType = wrapper.framework; name = CoreData.framework; path = System/Library/Frameworks/CoreData.framework; sourceTree = SDKROOT; };
		222FCF2D17042DD9006A93C7 /* libxml2.dylib */ = {isa = PBXFileReference; lastKnownFileType = "compiled.mach-o.dylib"; name = libxml2.dylib; path = usr/lib/libxml2.dylib; sourceTree = SDKROOT; };
		2230FBEB1758AD0900C0F938 /* email_001.jpg */ = {isa = PBXFileReference; lastKnownFileType = image.jpeg; path = email_001.jpg; sourceTree = "<group>"; };
		2230FBEC1758AD0900C0F938 /* facebook_001.jpg */ = {isa = PBXFileReference; lastKnownFileType = image.jpeg; path = facebook_001.jpg; sourceTree = "<group>"; };
		2230FBED1758AD0900C0F938 /* Twitter_001.jpg */ = {isa = PBXFileReference; lastKnownFileType = image.jpeg; path = Twitter_001.jpg; sourceTree = "<group>"; };
		2230FBEE1758AD0900C0F938 /* YouTube_001.jpg */ = {isa = PBXFileReference; lastKnownFileType = image.jpeg; path = YouTube_001.jpg; sourceTree = "<group>"; };
		2230FC3A17595EFA00C0F938 /* navigationBar_background.png */ = {isa = PBXFileReference; lastKnownFileType = image.png; path = navigationBar_background.png; sourceTree = "<group>"; };
		2230FC3C1759609800C0F938 /* button.png */ = {isa = PBXFileReference; lastKnownFileType = image.png; path = button.png; sourceTree = "<group>"; };
		2231D867174F19E1001CE97B /* RestKit.xcodeproj */ = {isa = PBXFileReference; lastKnownFileType = "wrapper.pb-project"; name = RestKit.xcodeproj; path = RestKit/RestKit.xcodeproj; sourceTree = SOURCE_ROOT; };
		2231D87A1750ADCF001CE97B /* MFSideMenu.h */ = {isa = PBXFileReference; fileEncoding = 4; lastKnownFileType = sourcecode.c.h; path = MFSideMenu.h; sourceTree = "<group>"; };
		2231D87B1750ADCF001CE97B /* MFSideMenuContainerViewController.h */ = {isa = PBXFileReference; fileEncoding = 4; lastKnownFileType = sourcecode.c.h; path = MFSideMenuContainerViewController.h; sourceTree = "<group>"; };
		2231D87C1750ADCF001CE97B /* MFSideMenuContainerViewController.m */ = {isa = PBXFileReference; fileEncoding = 4; lastKnownFileType = sourcecode.c.objc; path = MFSideMenuContainerViewController.m; sourceTree = "<group>"; };
		2231D8AE17513D70001CE97B /* DEBUGHeader.h */ = {isa = PBXFileReference; fileEncoding = 4; lastKnownFileType = sourcecode.c.h; path = DEBUGHeader.h; sourceTree = "<group>"; };
		2231D8B21754160D001CE97B /* MenuBarButtons.h */ = {isa = PBXFileReference; fileEncoding = 4; lastKnownFileType = sourcecode.c.h; path = MenuBarButtons.h; sourceTree = "<group>"; };
		2231D8B31754160D001CE97B /* MenuBarButtons.m */ = {isa = PBXFileReference; fileEncoding = 4; lastKnownFileType = sourcecode.c.objc; path = MenuBarButtons.m; sourceTree = "<group>"; };
		2231D8C41754B8CD001CE97B /* AboutMe.png */ = {isa = PBXFileReference; lastKnownFileType = image.png; path = AboutMe.png; sourceTree = "<group>"; };
		2231D8C91755B075001CE97B /* GalleryViewController.h */ = {isa = PBXFileReference; fileEncoding = 4; lastKnownFileType = sourcecode.c.h; path = GalleryViewController.h; sourceTree = "<group>"; };
		2231D8CA1755B07B001CE97B /* GalleryViewController.m */ = {isa = PBXFileReference; fileEncoding = 4; lastKnownFileType = sourcecode.c.objc; path = GalleryViewController.m; sourceTree = "<group>"; };
		2235CA94173F89E3008C7282 /* PintCollectionViewLayout.m */ = {isa = PBXFileReference; fileEncoding = 4; lastKnownFileType = sourcecode.c.objc; path = PintCollectionViewLayout.m; sourceTree = "<group>"; };
		2235CA95173F89E3008C7282 /* PintCollectionViewLayout.h */ = {isa = PBXFileReference; fileEncoding = 4; lastKnownFileType = sourcecode.c.h; path = PintCollectionViewLayout.h; sourceTree = "<group>"; };
		2237B6571741F9A600BBB09F /* ImageSize.h */ = {isa = PBXFileReference; fileEncoding = 4; lastKnownFileType = sourcecode.c.h; path = ImageSize.h; sourceTree = "<group>"; };
		2237B6581741F9A600BBB09F /* ImageSize.m */ = {isa = PBXFileReference; fileEncoding = 4; lastKnownFileType = sourcecode.c.objc; path = ImageSize.m; sourceTree = "<group>"; };
		22702DD8172A37B7009EDE31 /* sidebarCell.xib */ = {isa = PBXFileReference; fileEncoding = 4; lastKnownFileType = file.xib; path = sidebarCell.xib; sourceTree = "<group>"; };
		22704E611734E903009B5708 /* MessageUI.framework */ = {isa = PBXFileReference; lastKnownFileType = wrapper.framework; name = MessageUI.framework; path = System/Library/Frameworks/MessageUI.framework; sourceTree = SDKROOT; };
		22704E711738310E009B5708 /* aboutMeViewController.h */ = {isa = PBXFileReference; fileEncoding = 4; lastKnownFileType = sourcecode.c.h; path = aboutMeViewController.h; sourceTree = "<group>"; };
		22704E721738310E009B5708 /* aboutMeViewController.m */ = {isa = PBXFileReference; fileEncoding = 4; lastKnownFileType = sourcecode.c.objc; path = aboutMeViewController.m; sourceTree = "<group>"; };
		22704E7417383EEF009B5708 /* Business Cards Front.jpg */ = {isa = PBXFileReference; lastKnownFileType = image.jpeg; path = "Business Cards Front.jpg"; sourceTree = "<group>"; };
		228B9C3616F09B3B002E2884 /* aboutMeViewController.xib */ = {isa = PBXFileReference; fileEncoding = 4; lastKnownFileType = file.xib; path = aboutMeViewController.xib; sourceTree = "<group>"; };
		228B9C4116FA4B4F002E2884 /* AudioToolbox.framework */ = {isa = PBXFileReference; lastKnownFileType = wrapper.framework; name = AudioToolbox.framework; path = System/Library/Frameworks/AudioToolbox.framework; sourceTree = SDKROOT; };
		228B9C4316FA4B6B002E2884 /* CFNetwork.framework */ = {isa = PBXFileReference; lastKnownFileType = wrapper.framework; name = CFNetwork.framework; path = System/Library/Frameworks/CFNetwork.framework; sourceTree = SDKROOT; };
		228B9C4516FA4BB5002E2884 /* CoreLocation.framework */ = {isa = PBXFileReference; lastKnownFileType = wrapper.framework; name = CoreLocation.framework; path = System/Library/Frameworks/CoreLocation.framework; sourceTree = SDKROOT; };
		228B9C4616FA4BB5002E2884 /* libz.1.1.3.dylib */ = {isa = PBXFileReference; lastKnownFileType = "compiled.mach-o.dylib"; name = libz.1.1.3.dylib; path = usr/lib/libz.1.1.3.dylib; sourceTree = SDKROOT; };
		228B9C4716FA4BB6002E2884 /* MobileCoreServices.framework */ = {isa = PBXFileReference; lastKnownFileType = wrapper.framework; name = MobileCoreServices.framework; path = System/Library/Frameworks/MobileCoreServices.framework; sourceTree = SDKROOT; };
		228B9C4816FA4BB6002E2884 /* QuartzCore.framework */ = {isa = PBXFileReference; lastKnownFileType = wrapper.framework; name = QuartzCore.framework; path = System/Library/Frameworks/QuartzCore.framework; sourceTree = SDKROOT; };
		228B9C4916FA4BB6002E2884 /* StoreKit.framework */ = {isa = PBXFileReference; lastKnownFileType = wrapper.framework; name = StoreKit.framework; path = System/Library/Frameworks/StoreKit.framework; sourceTree = SDKROOT; };
		228B9C5116FA51CE002E2884 /* AdSupport.framework */ = {isa = PBXFileReference; lastKnownFileType = wrapper.framework; name = AdSupport.framework; path = System/Library/Frameworks/AdSupport.framework; sourceTree = SDKROOT; };
		228B9C5316FA5209002E2884 /* Social.framework */ = {isa = PBXFileReference; lastKnownFileType = wrapper.framework; name = Social.framework; path = System/Library/Frameworks/Social.framework; sourceTree = SDKROOT; };
		228B9C5516FA522C002E2884 /* Accounts.framework */ = {isa = PBXFileReference; lastKnownFileType = wrapper.framework; name = Accounts.framework; path = System/Library/Frameworks/Accounts.framework; sourceTree = SDKROOT; };
		22900179179E615900DA8CF8 /* XCDYouTubeVideoPlayerViewController.h */ = {isa = PBXFileReference; fileEncoding = 4; lastKnownFileType = sourcecode.c.h; path = XCDYouTubeVideoPlayerViewController.h; sourceTree = "<group>"; };
		2290017A179E615900DA8CF8 /* XCDYouTubeVideoPlayerViewController.m */ = {isa = PBXFileReference; fileEncoding = 4; lastKnownFileType = sourcecode.c.objc; path = XCDYouTubeVideoPlayerViewController.m; sourceTree = "<group>"; };
		2290017C179E628000DA8CF8 /* MediaPlayer.framework */ = {isa = PBXFileReference; lastKnownFileType = wrapper.framework; name = MediaPlayer.framework; path = System/Library/Frameworks/MediaPlayer.framework; sourceTree = SDKROOT; };
		2290017E179E628600DA8CF8 /* AVFoundation.framework */ = {isa = PBXFileReference; lastKnownFileType = wrapper.framework; name = AVFoundation.framework; path = System/Library/Frameworks/AVFoundation.framework; sourceTree = SDKROOT; };
		2292F844177D1F8F009906B4 /* sidebarCell.h */ = {isa = PBXFileReference; fileEncoding = 4; lastKnownFileType = sourcecode.c.h; path = sidebarCell.h; sourceTree = "<group>"; };
		2292F845177D1F8F009906B4 /* sidebarCell.m */ = {isa = PBXFileReference; fileEncoding = 4; lastKnownFileType = sourcecode.c.objc; path = sidebarCell.m; sourceTree = "<group>"; };
		2292F847177D2071009906B4 /* STViewController.h */ = {isa = PBXFileReference; fileEncoding = 4; lastKnownFileType = sourcecode.c.h; path = STViewController.h; sourceTree = "<group>"; };
		2292F848177D2071009906B4 /* STViewController.m */ = {isa = PBXFileReference; fileEncoding = 4; lastKnownFileType = sourcecode.c.objc; path = STViewController.m; sourceTree = "<group>"; };
		2292F849177D2071009906B4 /* STViewController.xib */ = {isa = PBXFileReference; fileEncoding = 4; lastKnownFileType = file.xib; path = STViewController.xib; sourceTree = "<group>"; };
		2292F84C177D20C4009906B4 /* ContactViewController.h */ = {isa = PBXFileReference; fileEncoding = 4; lastKnownFileType = sourcecode.c.h; path = ContactViewController.h; sourceTree = "<group>"; };
		2292F84D177D20C4009906B4 /* ContactViewController.m */ = {isa = PBXFileReference; fileEncoding = 4; lastKnownFileType = sourcecode.c.objc; path = ContactViewController.m; sourceTree = "<group>"; };
		2292F84E177D20C4009906B4 /* ContactViewController.xib */ = {isa = PBXFileReference; fileEncoding = 4; lastKnownFileType = file.xib; path = ContactViewController.xib; sourceTree = "<group>"; };
		2292F851177D22E5009906B4 /* Parse.framework */ = {isa = PBXFileReference; lastKnownFileType = wrapper.framework; name = Parse.framework; path = Portfolio/Parse.framework; sourceTree = "<group>"; };
		22A7F056178B0D6A00FEF19B /* RGSGalleryViewControllerManger.h */ = {isa = PBXFileReference; fileEncoding = 4; lastKnownFileType = sourcecode.c.h; path = RGSGalleryViewControllerManger.h; sourceTree = "<group>"; };
		22A7F057178B0D6A00FEF19B /* RGSGalleryViewControllerManger.m */ = {isa = PBXFileReference; fileEncoding = 4; lastKnownFileType = sourcecode.c.objc; path = RGSGalleryViewControllerManger.m; sourceTree = "<group>"; };
		22A7F0D81793BD8F00FEF19B /* portfolioCoreData.xcdatamodel */ = {isa = PBXFileReference; lastKnownFileType = wrapper.xcdatamodel; path = portfolioCoreData.xcdatamodel; sourceTree = "<group>"; };
		22A9038F175B54D600362022 /* InfoViewController.h */ = {isa = PBXFileReference; fileEncoding = 4; lastKnownFileType = sourcecode.c.h; path = InfoViewController.h; sourceTree = "<group>"; };
		22A90390175B54D600362022 /* InfoViewController.m */ = {isa = PBXFileReference; fileEncoding = 4; lastKnownFileType = sourcecode.c.objc; path = InfoViewController.m; sourceTree = "<group>"; };
		22A90391175B54D700362022 /* InfoViewController.xib */ = {isa = PBXFileReference; fileEncoding = 4; lastKnownFileType = file.xib; path = InfoViewController.xib; sourceTree = "<group>"; };
		22A90397175B56EA00362022 /* red_background.png */ = {isa = PBXFileReference; lastKnownFileType = image.png; path = red_background.png; sourceTree = "<group>"; };
		22A903A1175C518B00362022 /* menuIcon.png */ = {isa = PBXFileReference; lastKnownFileType = image.png; path = menuIcon.png; sourceTree = "<group>"; };
		22A903A3175C5E4500362022 /* backArrow.png */ = {isa = PBXFileReference; lastKnownFileType = image.png; path = backArrow.png; sourceTree = "<group>"; };
		22C34C15175AAB16002A5E36 /* Default-568h@2x.png */ = {isa = PBXFileReference; lastKnownFileType = image.png; path = "Default-568h@2x.png"; sourceTree = "<group>"; };
		22C34C16175AAB16002A5E36 /* Default@2x.png */ = {isa = PBXFileReference; lastKnownFileType = image.png; path = "Default@2x.png"; sourceTree = "<group>"; };
		22D676BD17260C7400E3858D /* SDSegmentedControl.h */ = {isa = PBXFileReference; fileEncoding = 4; lastKnownFileType = sourcecode.c.h; path = SDSegmentedControl.h; sourceTree = "<group>"; };
		22D676BE17260C7400E3858D /* SDSegmentedControl.m */ = {isa = PBXFileReference; fileEncoding = 4; lastKnownFileType = sourcecode.c.objc; path = SDSegmentedControl.m; sourceTree = "<group>"; };
		22D676C317260CEF00E3858D /* RGSVideoCell.h */ = {isa = PBXFileReference; fileEncoding = 4; lastKnownFileType = sourcecode.c.h; path = RGSVideoCell.h; sourceTree = "<group>"; };
		22D676C417260CEF00E3858D /* RGSVideoCell.m */ = {isa = PBXFileReference; fileEncoding = 4; lastKnownFileType = sourcecode.c.objc; path = RGSVideoCell.m; sourceTree = "<group>"; };
		22D676C917262F3200E3858D /* photo3.jpg */ = {isa = PBXFileReference; lastKnownFileType = image.jpeg; name = photo3.jpg; path = ../photo3.jpg; sourceTree = "<group>"; };
		22D676CA17262F3200E3858D /* playButton.png */ = {isa = PBXFileReference; lastKnownFileType = image.png; name = playButton.png; path = ../playButton.png; sourceTree = "<group>"; };
		22D676D11727C5A900E3858D /* AsyncImageView.h */ = {isa = PBXFileReference; fileEncoding = 4; lastKnownFileType = sourcecode.c.h; path = AsyncImageView.h; sourceTree = "<group>"; };
		22D676D21727C5A900E3858D /* AsyncImageView.m */ = {isa = PBXFileReference; fileEncoding = 4; lastKnownFileType = sourcecode.c.objc; path = AsyncImageView.m; sourceTree = "<group>"; };
		22FA6D0617683086002895F9 /* RGSVideoViewController.h */ = {isa = PBXFileReference; fileEncoding = 4; lastKnownFileType = sourcecode.c.h; path = RGSVideoViewController.h; sourceTree = "<group>"; };
		22FA6D0717683087002895F9 /* RGSVideoViewController.m */ = {isa = PBXFileReference; fileEncoding = 4; lastKnownFileType = sourcecode.c.objc; path = RGSVideoViewController.m; sourceTree = "<group>"; };
		22FD041416E72E5700DC4014 /* Security.framework */ = {isa = PBXFileReference; lastKnownFileType = wrapper.framework; name = Security.framework; path = System/Library/Frameworks/Security.framework; sourceTree = SDKROOT; };
		22FD041616E72E6000DC4014 /* SystemConfiguration.framework */ = {isa = PBXFileReference; lastKnownFileType = wrapper.framework; name = SystemConfiguration.framework; path = System/Library/Frameworks/SystemConfiguration.framework; sourceTree = SDKROOT; };
/* End PBXFileReference section */

/* Begin PBXFrameworksBuildPhase section */
		2201572216E034CF00918611 /* Frameworks */ = {
			isa = PBXFrameworksBuildPhase;
			buildActionMask = 2147483647;
			files = (
				2290017F179E628600DA8CF8 /* AVFoundation.framework in Frameworks */,
				2290017D179E628000DA8CF8 /* MediaPlayer.framework in Frameworks */,
				222FCF2C17042C35006A93C7 /* CoreData.framework in Frameworks */,
				22FD041716E72E6000DC4014 /* SystemConfiguration.framework in Frameworks */,
				228B9C4C16FA4BB6002E2884 /* MobileCoreServices.framework in Frameworks */,
				2231D878174F19F4001CE97B /* libRestKit.a in Frameworks */,
				22704E621734E903009B5708 /* MessageUI.framework in Frameworks */,
				222FCF2E17042DDA006A93C7 /* libxml2.dylib in Frameworks */,
				228B9C4416FA4B6B002E2884 /* CFNetwork.framework in Frameworks */,
				22FD041516E72E5800DC4014 /* Security.framework in Frameworks */,
				228B9C5616FA522C002E2884 /* Accounts.framework in Frameworks */,
				228B9C5416FA5209002E2884 /* Social.framework in Frameworks */,
				228B9C5216FA51CE002E2884 /* AdSupport.framework in Frameworks */,
				228B9C4A16FA4BB6002E2884 /* CoreLocation.framework in Frameworks */,
				228B9C4B16FA4BB6002E2884 /* libz.1.1.3.dylib in Frameworks */,
				228B9C4D16FA4BB6002E2884 /* QuartzCore.framework in Frameworks */,
				228B9C4E16FA4BB6002E2884 /* StoreKit.framework in Frameworks */,
				2201572D16E034CF00918611 /* CoreGraphics.framework in Frameworks */,
				228B9C4216FA4B4F002E2884 /* AudioToolbox.framework in Frameworks */,
				2201572916E034CF00918611 /* UIKit.framework in Frameworks */,
				2201572B16E034CF00918611 /* Foundation.framework in Frameworks */,
				2292F852177D22E5009906B4 /* Parse.framework in Frameworks */,
			);
			runOnlyForDeploymentPostprocessing = 0;
		};
/* End PBXFrameworksBuildPhase section */

/* Begin PBXGroup section */
		2201571C16E034CF00918611 = {
			isa = PBXGroup;
			children = (
				2290017E179E628600DA8CF8 /* AVFoundation.framework */,
				2290017C179E628000DA8CF8 /* MediaPlayer.framework */,
				2201572E16E034CF00918611 /* Portfolio */,
				2201572716E034CF00918611 /* Frameworks */,
				2201572616E034CF00918611 /* Products */,
			);
			sourceTree = "<group>";
		};
		2201572616E034CF00918611 /* Products */ = {
			isa = PBXGroup;
			children = (
				2201572516E034CF00918611 /* Portfolio.app */,
			);
			name = Products;
			sourceTree = "<group>";
		};
		2201572716E034CF00918611 /* Frameworks */ = {
			isa = PBXGroup;
			children = (
				2292F851177D22E5009906B4 /* Parse.framework */,
				22704E611734E903009B5708 /* MessageUI.framework */,
				222FCF2D17042DD9006A93C7 /* libxml2.dylib */,
				222FCF2B17042C34006A93C7 /* CoreData.framework */,
				228B9C5516FA522C002E2884 /* Accounts.framework */,
				228B9C5316FA5209002E2884 /* Social.framework */,
				228B9C5116FA51CE002E2884 /* AdSupport.framework */,
				228B9C4516FA4BB5002E2884 /* CoreLocation.framework */,
				228B9C4616FA4BB5002E2884 /* libz.1.1.3.dylib */,
				228B9C4716FA4BB6002E2884 /* MobileCoreServices.framework */,
				228B9C4816FA4BB6002E2884 /* QuartzCore.framework */,
				228B9C4916FA4BB6002E2884 /* StoreKit.framework */,
				228B9C4316FA4B6B002E2884 /* CFNetwork.framework */,
				228B9C4116FA4B4F002E2884 /* AudioToolbox.framework */,
				22FD041416E72E5700DC4014 /* Security.framework */,
				22FD041616E72E6000DC4014 /* SystemConfiguration.framework */,
				2201572816E034CF00918611 /* UIKit.framework */,
				2201572A16E034CF00918611 /* Foundation.framework */,
				2201572C16E034CF00918611 /* CoreGraphics.framework */,
			);
			name = Frameworks;
			sourceTree = "<group>";
		};
		2201572E16E034CF00918611 /* Portfolio */ = {
			isa = PBXGroup;
			children = (
				2201575216E0354900918611 /* Images */,
				2231D8AE17513D70001CE97B /* DEBUGHeader.h */,
				2201573716E034CF00918611 /* RGSAppDelegate.h */,
				2201573816E034CF00918611 /* RGSAppDelegate.m */,
				2222E5571730A4DC00347D06 /* ConfigManager.h */,
				2222E5581730A4DC00347D06 /* ConfigManager.m */,
				222FCF1317042396006A93C7 /* Video.h */,
				222FCF1417042398006A93C7 /* Vdeo.m */,
				2237B6571741F9A600BBB09F /* ImageSize.h */,
				2237B6581741F9A600BBB09F /* ImageSize.m */,
				22D676C317260CEF00E3858D /* RGSVideoCell.h */,
				22D676C417260CEF00E3858D /* RGSVideoCell.m */,
				22FA6D0617683086002895F9 /* RGSVideoViewController.h */,
				22FA6D0717683087002895F9 /* RGSVideoViewController.m */,
				2222AAD11762AC7C0008884B /* RGSVideoViewControllerManger.h */,
				2222AAD21762AC7C0008884B /* RGSVideoViewControllerManger.m */,
				2231D8C91755B075001CE97B /* GalleryViewController.h */,
				2231D8CA1755B07B001CE97B /* GalleryViewController.m */,
				22A7F056178B0D6A00FEF19B /* RGSGalleryViewControllerManger.h */,
				22A7F057178B0D6A00FEF19B /* RGSGalleryViewControllerManger.m */,
				2292F84C177D20C4009906B4 /* ContactViewController.h */,
				2292F84D177D20C4009906B4 /* ContactViewController.m */,
				2292F84E177D20C4009906B4 /* ContactViewController.xib */,
				2235CA94173F89E3008C7282 /* PintCollectionViewLayout.m */,
				2235CA95173F89E3008C7282 /* PintCollectionViewLayout.h */,
				222FCF0716FE4389006A93C7 /* PhotoDetailViewController.h */,
				222FCF0816FE4389006A93C7 /* PhotoDetailViewController.m */,
				222FCF0916FE4389006A93C7 /* PhotoDetailViewController.xib */,
				22704E711738310E009B5708 /* aboutMeViewController.h */,
				22704E721738310E009B5708 /* aboutMeViewController.m */,
				228B9C3616F09B3B002E2884 /* aboutMeViewController.xib */,
				22A9038F175B54D600362022 /* InfoViewController.h */,
				22A90390175B54D600362022 /* InfoViewController.m */,
				22A90391175B54D700362022 /* InfoViewController.xib */,
				2201575E16E036C200918611 /* SideMenuViewController.h */,
				2201575D16E036C200918611 /* SideMenuViewController.m */,
				2292F847177D2071009906B4 /* STViewController.h */,
				2292F848177D2071009906B4 /* STViewController.m */,
				2292F849177D2071009906B4 /* STViewController.xib */,
				2292F844177D1F8F009906B4 /* sidebarCell.h */,
				2292F845177D1F8F009906B4 /* sidebarCell.m */,
				22702DD8172A37B7009EDE31 /* sidebarCell.xib */,
				22A7F0D71793BD8E00FEF19B /* portfolioCoreData.xcdatamodeld */,
				2201572F16E034CF00918611 /* Supporting Files */,
			);
			path = Portfolio;
			sourceTree = "<group>";
		};
		2201572F16E034CF00918611 /* Supporting Files */ = {
			isa = PBXGroup;
			children = (
				2231D867174F19E1001CE97B /* RestKit.xcodeproj */,
				2231D8791750ADCF001CE97B /* MFSideMenu */,
				22D676BD17260C7400E3858D /* SDSegmentedControl.h */,
				22D676BE17260C7400E3858D /* SDSegmentedControl.m */,
				22D676D11727C5A900E3858D /* AsyncImageView.h */,
				22D676D21727C5A900E3858D /* AsyncImageView.m */,
				2222E55A1730B08200347D06 /* MBProgressHUD.h */,
				2222E55B1730B08200347D06 /* MBProgressHUD.m */,
				2201573016E034CF00918611 /* Portfolio-Info.plist */,
				2201573116E034CF00918611 /* InfoPlist.strings */,
				2201573416E034CF00918611 /* main.m */,
				2201573616E034CF00918611 /* Portfolio-Prefix.pch */,
				2201573A16E034CF00918611 /* Default.png */,
				22C34C15175AAB16002A5E36 /* Default-568h@2x.png */,
				22C34C16175AAB16002A5E36 /* Default@2x.png */,
			);
			name = "Supporting Files";
			sourceTree = "<group>";
		};
		2201575216E0354900918611 /* Images */ = {
			isa = PBXGroup;
			children = (
				22A90397175B56EA00362022 /* red_background.png */,
				2230FC3C1759609800C0F938 /* button.png */,
				22A903A1175C518B00362022 /* menuIcon.png */,
				22A903A3175C5E4500362022 /* backArrow.png */,
				2230FBEB1758AD0900C0F938 /* email_001.jpg */,
				2230FBEC1758AD0900C0F938 /* facebook_001.jpg */,
				2230FBED1758AD0900C0F938 /* Twitter_001.jpg */,
				2230FBEE1758AD0900C0F938 /* YouTube_001.jpg */,
				22704E7417383EEF009B5708 /* Business Cards Front.jpg */,
				2222E55F1730C92600347D06 /* JVO-logo.png */,
				2231D8C41754B8CD001CE97B /* AboutMe.png */,
				2222E537172A759C00347D06 /* billie_holiday@2X.png */,
				2222E538172A759D00347D06 /* billie_holiday.png */,
				2222E533172A746A00347D06 /* square_bg@2X.png */,
				2222E534172A746A00347D06 /* square_bg.png */,
				2222E53B172A761A00347D06 /* wide_rectangles@2X.png */,
				2222E53C172A761B00347D06 /* wide_rectangles.png */,
				2222E543172A76A900347D06 /* diagonal-noise@2X.png */,
				2222E544172A76A900347D06 /* diagonal-noise.png */,
				2222E53F172A769B00347D06 /* shattered@2X.png */,
				2222E540172A769B00347D06 /* shattered.png */,
				2201575316E0354900918611 /* back-arrow.png */,
				2201575416E0354900918611 /* back-arrow@2x.png */,
				2201575516E0354900918611 /* Default-568h@2x.png */,
				22D676C917262F3200E3858D /* photo3.jpg */,
				22D676CA17262F3200E3858D /* playButton.png */,
				2230FC3A17595EFA00C0F938 /* navigationBar_background.png */,
			);
			path = Images;
			sourceTree = "<group>";
		};
		2231D868174F19E1001CE97B /* Products */ = {
			isa = PBXGroup;
			children = (
				2231D86F174F19E2001CE97B /* libRestKit.a */,
				2231D871174F19E2001CE97B /* RestKitTests.octest */,
				2231D873174F19E2001CE97B /* RestKit.framework */,
				2231D875174F19E2001CE97B /* RestKitFrameworkTests.octest */,
			);
			name = Products;
			sourceTree = "<group>";
		};
		2231D8791750ADCF001CE97B /* MFSideMenu */ = {
			isa = PBXGroup;
			children = (
				22900179179E615900DA8CF8 /* XCDYouTubeVideoPlayerViewController.h */,
				2290017A179E615900DA8CF8 /* XCDYouTubeVideoPlayerViewController.m */,
				2231D87A1750ADCF001CE97B /* MFSideMenu.h */,
				2231D87B1750ADCF001CE97B /* MFSideMenuContainerViewController.h */,
				2231D87C1750ADCF001CE97B /* MFSideMenuContainerViewController.m */,
				2231D8B21754160D001CE97B /* MenuBarButtons.h */,
				2231D8B31754160D001CE97B /* MenuBarButtons.m */,
			);
			name = MFSideMenu;
			path = Images/MFSideMenu;
			sourceTree = "<group>";
		};
/* End PBXGroup section */

/* Begin PBXNativeTarget section */
		2201572416E034CF00918611 /* Portfolio */ = {
			isa = PBXNativeTarget;
			buildConfigurationList = 2201574816E034CF00918611 /* Build configuration list for PBXNativeTarget "Portfolio" */;
			buildPhases = (
				2201572116E034CF00918611 /* Sources */,
				2201572216E034CF00918611 /* Frameworks */,
				2201572316E034CF00918611 /* Resources */,
			);
			buildRules = (
			);
			dependencies = (
				2231D877174F19ED001CE97B /* PBXTargetDependency */,
			);
			name = Portfolio;
			productName = Portfolio;
			productReference = 2201572516E034CF00918611 /* Portfolio.app */;
			productType = "com.apple.product-type.application";
		};
/* End PBXNativeTarget section */

/* Begin PBXProject section */
		2201571D16E034CF00918611 /* Project object */ = {
			isa = PBXProject;
			attributes = {
				CLASSPREFIX = RGS;
				LastUpgradeCheck = 0460;
				ORGANIZATIONNAME = PC;
			};
			buildConfigurationList = 2201572016E034CF00918611 /* Build configuration list for PBXProject "Portfolio" */;
			compatibilityVersion = "Xcode 3.2";
			developmentRegion = English;
			hasScannedForEncodings = 0;
			knownRegions = (
				en,
			);
			mainGroup = 2201571C16E034CF00918611;
			productRefGroup = 2201572616E034CF00918611 /* Products */;
			projectDirPath = "";
			projectReferences = (
				{
					ProductGroup = 2231D868174F19E1001CE97B /* Products */;
					ProjectRef = 2231D867174F19E1001CE97B /* RestKit.xcodeproj */;
				},
			);
			projectRoot = "";
			targets = (
				2201572416E034CF00918611 /* Portfolio */,
			);
		};
/* End PBXProject section */

/* Begin PBXReferenceProxy section */
		2231D86F174F19E2001CE97B /* libRestKit.a */ = {
			isa = PBXReferenceProxy;
			fileType = archive.ar;
			path = libRestKit.a;
			remoteRef = 2231D86E174F19E2001CE97B /* PBXContainerItemProxy */;
			sourceTree = BUILT_PRODUCTS_DIR;
		};
		2231D871174F19E2001CE97B /* RestKitTests.octest */ = {
			isa = PBXReferenceProxy;
			fileType = wrapper.cfbundle;
			path = RestKitTests.octest;
			remoteRef = 2231D870174F19E2001CE97B /* PBXContainerItemProxy */;
			sourceTree = BUILT_PRODUCTS_DIR;
		};
		2231D873174F19E2001CE97B /* RestKit.framework */ = {
			isa = PBXReferenceProxy;
			fileType = wrapper.framework;
			path = RestKit.framework;
			remoteRef = 2231D872174F19E2001CE97B /* PBXContainerItemProxy */;
			sourceTree = BUILT_PRODUCTS_DIR;
		};
		2231D875174F19E2001CE97B /* RestKitFrameworkTests.octest */ = {
			isa = PBXReferenceProxy;
			fileType = wrapper.cfbundle;
			path = RestKitFrameworkTests.octest;
			remoteRef = 2231D874174F19E2001CE97B /* PBXContainerItemProxy */;
			sourceTree = BUILT_PRODUCTS_DIR;
		};
/* End PBXReferenceProxy section */

/* Begin PBXResourcesBuildPhase section */
		2201572316E034CF00918611 /* Resources */ = {
			isa = PBXResourcesBuildPhase;
			buildActionMask = 2147483647;
			files = (
				2201573316E034CF00918611 /* InfoPlist.strings in Resources */,
				2201573B16E034CF00918611 /* Default.png in Resources */,
				2201575816E0354900918611 /* back-arrow.png in Resources */,
				2201575916E0354900918611 /* back-arrow@2x.png in Resources */,
				2201575A16E0354A00918611 /* Default-568h@2x.png in Resources */,
				228B9C3716F09B3B002E2884 /* aboutMeViewController.xib in Resources */,
				222FCF0B16FE438A006A93C7 /* PhotoDetailViewController.xib in Resources */,
				22D676CB17262F3200E3858D /* photo3.jpg in Resources */,
				22D676CC17262F3200E3858D /* playButton.png in Resources */,
				22702DD9172A37B7009EDE31 /* sidebarCell.xib in Resources */,
				2222E535172A746A00347D06 /* square_bg@2X.png in Resources */,
				2222E536172A746A00347D06 /* square_bg.png in Resources */,
				2222E539172A759D00347D06 /* billie_holiday@2X.png in Resources */,
				2222E53A172A759D00347D06 /* billie_holiday.png in Resources */,
				2222E53D172A761B00347D06 /* wide_rectangles@2X.png in Resources */,
				2222E53E172A761B00347D06 /* wide_rectangles.png in Resources */,
				2222E541172A769C00347D06 /* shattered@2X.png in Resources */,
				2222E542172A769C00347D06 /* shattered.png in Resources */,
				2222E545172A76AA00347D06 /* diagonal-noise@2X.png in Resources */,
				2222E546172A76AA00347D06 /* diagonal-noise.png in Resources */,
				2222E5601730C92700347D06 /* JVO-logo.png in Resources */,
				22704E7517383EEF009B5708 /* Business Cards Front.jpg in Resources */,
				2231D8C51754B8CE001CE97B /* AboutMe.png in Resources */,
				2230FBEF1758AD0900C0F938 /* email_001.jpg in Resources */,
				2230FBF01758AD0900C0F938 /* facebook_001.jpg in Resources */,
				2230FBF11758AD0900C0F938 /* Twitter_001.jpg in Resources */,
				2230FBF21758AD0900C0F938 /* YouTube_001.jpg in Resources */,
				2230FC3B17595EFA00C0F938 /* navigationBar_background.png in Resources */,
				2230FC3D1759609800C0F938 /* button.png in Resources */,
				22C34C17175AAB16002A5E36 /* Default-568h@2x.png in Resources */,
				22C34C18175AAB16002A5E36 /* Default@2x.png in Resources */,
				22A90393175B54D800362022 /* InfoViewController.xib in Resources */,
				22A90398175B56EA00362022 /* red_background.png in Resources */,
				22A903A2175C518C00362022 /* menuIcon.png in Resources */,
				22A903A4175C5E4600362022 /* backArrow.png in Resources */,
				2292F84B177D2071009906B4 /* STViewController.xib in Resources */,
				2292F850177D20C4009906B4 /* ContactViewController.xib in Resources */,
			);
			runOnlyForDeploymentPostprocessing = 0;
		};
/* End PBXResourcesBuildPhase section */

/* Begin PBXSourcesBuildPhase section */
		2201572116E034CF00918611 /* Sources */ = {
			isa = PBXSourcesBuildPhase;
			buildActionMask = 2147483647;
			files = (
				2201573516E034CF00918611 /* main.m in Sources */,
				2201573916E034CF00918611 /* RGSAppDelegate.m in Sources */,
				2201575F16E036C200918611 /* SideMenuViewController.m in Sources */,
				222FCF0A16FE438A006A93C7 /* PhotoDetailViewController.m in Sources */,
				222FCF151704239A006A93C7 /* Vdeo.m in Sources */,
				22D676BF17260C7400E3858D /* SDSegmentedControl.m in Sources */,
				22D676C517260CEF00E3858D /* RGSVideoCell.m in Sources */,
				22D676D31727C5A900E3858D /* AsyncImageView.m in Sources */,
				2222E5591730A4DC00347D06 /* ConfigManager.m in Sources */,
				2222E55C1730B08200347D06 /* MBProgressHUD.m in Sources */,
				22704E731738310F009B5708 /* aboutMeViewController.m in Sources */,
				2235CA9D173F89E3008C7282 /* PintCollectionViewLayout.m in Sources */,
				2237B6591741F9A600BBB09F /* ImageSize.m in Sources */,
				2231D87D1750ADCF001CE97B /* MFSideMenuContainerViewController.m in Sources */,
				2231D8B41754160D001CE97B /* MenuBarButtons.m in Sources */,
				2231D8CB1755B081001CE97B /* GalleryViewController.m in Sources */,
				22A90392175B54D800362022 /* InfoViewController.m in Sources */,
				2222AAD31762AC7D0008884B /* RGSVideoViewControllerManger.m in Sources */,
				22FA6D0817683087002895F9 /* RGSVideoViewController.m in Sources */,
				2292F846177D1F8F009906B4 /* sidebarCell.m in Sources */,
				2292F84A177D2071009906B4 /* STViewController.m in Sources */,
				2292F84F177D20C4009906B4 /* ContactViewController.m in Sources */,
				22A7F058178B0D6A00FEF19B /* RGSGalleryViewControllerManger.m in Sources */,
				22A7F0D91793BD8F00FEF19B /* portfolioCoreData.xcdatamodeld in Sources */,
				2290017B179E615900DA8CF8 /* XCDYouTubeVideoPlayerViewController.m in Sources */,
			);
			runOnlyForDeploymentPostprocessing = 0;
		};
/* End PBXSourcesBuildPhase section */

/* Begin PBXTargetDependency section */
		2231D877174F19ED001CE97B /* PBXTargetDependency */ = {
			isa = PBXTargetDependency;
			name = RestKit;
			targetProxy = 2231D876174F19ED001CE97B /* PBXContainerItemProxy */;
		};
/* End PBXTargetDependency section */

/* Begin PBXVariantGroup section */
		2201573116E034CF00918611 /* InfoPlist.strings */ = {
			isa = PBXVariantGroup;
			children = (
				2201573216E034CF00918611 /* en */,
			);
			name = InfoPlist.strings;
			sourceTree = "<group>";
		};
/* End PBXVariantGroup section */

/* Begin XCBuildConfiguration section */
		2201574616E034CF00918611 /* Debug */ = {
			isa = XCBuildConfiguration;
			buildSettings = {
				ALWAYS_SEARCH_USER_PATHS = NO;
				CLANG_CXX_LANGUAGE_STANDARD = "gnu++0x";
				CLANG_CXX_LIBRARY = "libc++";
				CLANG_ENABLE_OBJC_ARC = YES;
				CLANG_WARN_CONSTANT_CONVERSION = YES;
				CLANG_WARN_EMPTY_BODY = YES;
				CLANG_WARN_ENUM_CONVERSION = YES;
				CLANG_WARN_INT_CONVERSION = YES;
				CLANG_WARN__DUPLICATE_METHOD_MATCH = YES;
				"CODE_SIGN_IDENTITY[sdk=iphoneos*]" = "iPhone Developer";
				COPY_PHASE_STRIP = NO;
				GCC_C_LANGUAGE_STANDARD = gnu99;
				GCC_DYNAMIC_NO_PIC = NO;
				GCC_OPTIMIZATION_LEVEL = 0;
				GCC_PREPROCESSOR_DEFINITIONS = (
					"DEBUG=1",
					"$(inherited)",
				);
				GCC_SYMBOLS_PRIVATE_EXTERN = NO;
				GCC_WARN_ABOUT_RETURN_TYPE = YES;
				GCC_WARN_UNINITIALIZED_AUTOS = YES;
				GCC_WARN_UNUSED_VARIABLE = YES;
				IPHONEOS_DEPLOYMENT_TARGET = 6.0;
				ONLY_ACTIVE_ARCH = YES;
				SDKROOT = iphoneos;
			};
			name = Debug;
		};
		2201574716E034CF00918611 /* Release */ = {
			isa = XCBuildConfiguration;
			buildSettings = {
				ALWAYS_SEARCH_USER_PATHS = NO;
				CLANG_CXX_LANGUAGE_STANDARD = "gnu++0x";
				CLANG_CXX_LIBRARY = "libc++";
				CLANG_ENABLE_OBJC_ARC = YES;
				CLANG_WARN_CONSTANT_CONVERSION = YES;
				CLANG_WARN_EMPTY_BODY = YES;
				CLANG_WARN_ENUM_CONVERSION = YES;
				CLANG_WARN_INT_CONVERSION = YES;
				CLANG_WARN__DUPLICATE_METHOD_MATCH = YES;
				"CODE_SIGN_IDENTITY[sdk=iphoneos*]" = "iPhone Developer";
				COPY_PHASE_STRIP = YES;
				GCC_C_LANGUAGE_STANDARD = gnu99;
				GCC_WARN_ABOUT_RETURN_TYPE = YES;
				GCC_WARN_UNINITIALIZED_AUTOS = YES;
				GCC_WARN_UNUSED_VARIABLE = YES;
				IPHONEOS_DEPLOYMENT_TARGET = 6.0;
				OTHER_CFLAGS = "-DNS_BLOCK_ASSERTIONS=1";
				SDKROOT = iphoneos;
				VALIDATE_PRODUCT = YES;
			};
			name = Release;
		};
		2201574916E034CF00918611 /* Debug */ = {
			isa = XCBuildConfiguration;
			buildSettings = {
				FRAMEWORK_SEARCH_PATHS = (
					"$(inherited)",
					"\"$(SRCROOT)\"",
					"\"$(SRCROOT)/Portfolio\"",
				);
				GCC_PRECOMPILE_PREFIX_HEADER = YES;
				GCC_PREFIX_HEADER = "Portfolio/Portfolio-Prefix.pch";
				HEADER_SEARCH_PATHS = "\"$(BUILT_PRODUCTS_DIR)/../../Headers\"";
				INFOPLIST_FILE = "Portfolio/Portfolio-Info.plist";
				IPHONEOS_DEPLOYMENT_TARGET = 6.0;
				OTHER_LDFLAGS = "";
				PRODUCT_NAME = "$(TARGET_NAME)";
				TARGETED_DEVICE_FAMILY = 1;
				WRAPPER_EXTENSION = app;
			};
			name = Debug;
		};
		2201574A16E034CF00918611 /* Release */ = {
			isa = XCBuildConfiguration;
			buildSettings = {
				FRAMEWORK_SEARCH_PATHS = (
					"$(inherited)",
					"\"$(SRCROOT)\"",
					"\"$(SRCROOT)/Portfolio\"",
				);
				GCC_PRECOMPILE_PREFIX_HEADER = YES;
				GCC_PREFIX_HEADER = "Portfolio/Portfolio-Prefix.pch";
				HEADER_SEARCH_PATHS = "\"$(BUILT_PRODUCTS_DIR)/../../Headers\"";
				INFOPLIST_FILE = "Portfolio/Portfolio-Info.plist";
				IPHONEOS_DEPLOYMENT_TARGET = 6.0;
				OTHER_LDFLAGS = "";
				PRODUCT_NAME = "$(TARGET_NAME)";
				TARGETED_DEVICE_FAMILY = 1;
				WRAPPER_EXTENSION = app;
			};
			name = Release;
		};
/* End XCBuildConfiguration section */

/* Begin XCConfigurationList section */
		2201572016E034CF00918611 /* Build configuration list for PBXProject "Portfolio" */ = {
			isa = XCConfigurationList;
			buildConfigurations = (
				2201574616E034CF00918611 /* Debug */,
				2201574716E034CF00918611 /* Release */,
			);
			defaultConfigurationIsVisible = 0;
			defaultConfigurationName = Release;
		};
		2201574816E034CF00918611 /* Build configuration list for PBXNativeTarget "Portfolio" */ = {
			isa = XCConfigurationList;
			buildConfigurations = (
				2201574916E034CF00918611 /* Debug */,
				2201574A16E034CF00918611 /* Release */,
			);
			defaultConfigurationIsVisible = 0;
			defaultConfigurationName = Release;
		};
/* End XCConfigurationList section */

/* Begin XCVersionGroup section */
		22A7F0D71793BD8E00FEF19B /* portfolioCoreData.xcdatamodeld */ = {
			isa = XCVersionGroup;
			children = (
				22A7F0D81793BD8F00FEF19B /* portfolioCoreData.xcdatamodel */,
			);
			currentVersion = 22A7F0D81793BD8F00FEF19B /* portfolioCoreData.xcdatamodel */;
			name = portfolioCoreData.xcdatamodeld;
			path = ../portfolioCoreData.xcdatamodeld;
			sourceTree = "<group>";
			versionGroupType = wrapper.xcdatamodel;
		};
/* End XCVersionGroup section */
	};
	rootObject = 2201571D16E034CF00918611 /* Project object */;
}
